
Microsoft Visual Studio Solution File, Format Version 12.00
# Visual Studio Version 17
VisualStudioVersion = 17.9.34616.47
MinimumVisualStudioVersion = 10.0.40219.1
Project("{F184B08F-C81C-45F6-A57F-5ABD9991F28F}") = "WindowsFormsCRUD", "WindowsFormsCRUD\WindowsFormsCRUD.vbproj", "{338C579A-F77C-4224-934F-69819C718F07}"
EndProject
Project("{778DAE3C-4631-46EA-AA77-85C1314464D9}") = "VisualBasicLib", "NETLibMVVM\VisualBasicLib\VisualBasicLib.vbproj", "{1B5ADF9A-D240-456F-92F5-87DBAE5BEE74}"
EndProject
Project("{9A19103F-16F7-4668-BE54-9A1E7A4F7556}") = "EntityFrameworkLib", "NETLibMVVM\EntityFrameworkLib\EntityFrameworkLib.csproj", "{CC7E567E-3E34-46AA-A835-61E53E37D14D}"
EndProject
Project("{F184B08F-C81C-45F6-A57F-5ABD9991F28F}") = "WindowsFormsLib", "WindowsFormsLib\WindowsFormsLib.vbproj", "{53F7F1A4-B571-4E01-B6BB-AF3EC056283D}"
EndProject
Global
	GlobalSection(SolutionConfigurationPlatforms) = preSolution
		Debug|Any CPU = Debug|Any CPU
		Release|Any CPU = Release|Any CPU
	EndGlobalSection
	GlobalSection(ProjectConfigurationPlatforms) = postSolution
		{338C579A-F77C-4224-934F-69819C718F07}.Debug|Any CPU.ActiveCfg = Debug|Any CPU
		{338C579A-F77C-4224-934F-69819C718F07}.Debug|Any CPU.Build.0 = Debug|Any CPU
		{338C579A-F77C-4224-934F-69819C718F07}.Release|Any CPU.ActiveCfg = Release|Any CPU
		{338C579A-F77C-4224-934F-69819C718F07}.Release|Any CPU.Build.0 = Release|Any CPU
		{1B5ADF9A-D240-456F-92F5-87DBAE5BEE74}.Debug|Any CPU.ActiveCfg = Debug|Any CPU
		{1B5ADF9A-D240-456F-92F5-87DBAE5BEE74}.Debug|Any CPU.Build.0 = Debug|Any CPU
		{1B5ADF9A-D240-456F-92F5-87DBAE5BEE74}.Release|Any CPU.ActiveCfg = Release|Any CPU
		{1B5ADF9A-D240-456F-92F5-87DBAE5BEE74}.Release|Any CPU.Build.0 = Release|Any CPU
		{CC7E567E-3E34-46AA-A835-61E53E37D14D}.Debug|Any CPU.ActiveCfg = Debug|Any CPU
		{CC7E567E-3E34-46AA-A835-61E53E37D14D}.Debug|Any CPU.Build.0 = Debug|Any CPU
		{CC7E567E-3E34-46AA-A835-61E53E37D14D}.Release|Any CPU.ActiveCfg = Release|Any CPU
		{CC7E567E-3E34-46AA-A835-61E53E37D14D}.Release|Any CPU.Build.0 = Release|Any CPU
		{53F7F1A4-B571-4E01-B6BB-AF3EC056283D}.Debug|Any CPU.ActiveCfg = Debug|Any CPU
		{53F7F1A4-B571-4E01-B6BB-AF3EC056283D}.Debug|Any CPU.Build.0 = Debug|Any CPU
		{53F7F1A4-B571-4E01-B6BB-AF3EC056283D}.Release|Any CPU.ActiveCfg = Release|Any CPU
		{53F7F1A4-B571-4E01-B6BB-AF3EC056283D}.Release|Any CPU.Build.0 = Release|Any CPU
	EndGlobalSection
	GlobalSection(SolutionProperties) = preSolution
		HideSolutionNode = FALSE
	EndGlobalSection
	GlobalSection(ExtensibilityGlobals) = postSolution
		SolutionGuid = {9D87158E-47CD-4E36-801C-6CC90CE3290A}
	EndGlobalSection
EndGlobal
